// !$*UTF8*$!
{
	archiveVersion = 1;
	classes = {
	};
	objectVersion = 46;
	objects = {

/* Begin PBXBuildFile section */
		750501F717F8907000AE65CE /* Parse.framework in Frameworks */ = {isa = PBXBuildFile; fileRef = 750501F617F8907000AE65CE /* Parse.framework */; };
		750501F917F890BE00AE65CE /* AudioToolbox.framework in Frameworks */ = {isa = PBXBuildFile; fileRef = 750501F817F890BE00AE65CE /* AudioToolbox.framework */; };
		750501FB17F890C500AE65CE /* CFNetwork.framework in Frameworks */ = {isa = PBXBuildFile; fileRef = 750501FA17F890C500AE65CE /* CFNetwork.framework */; };
		750501FD17F890D000AE65CE /* CoreLocation.framework in Frameworks */ = {isa = PBXBuildFile; fileRef = 750501FC17F890D000AE65CE /* CoreLocation.framework */; };
		750501FF17F890DB00AE65CE /* libz.1.1.3.dylib in Frameworks */ = {isa = PBXBuildFile; fileRef = 750501FE17F890DB00AE65CE /* libz.1.1.3.dylib */; };
		7505020117F890E400AE65CE /* QuartzCore.framework in Frameworks */ = {isa = PBXBuildFile; fileRef = 7505020017F890E400AE65CE /* QuartzCore.framework */; };
		7505020317F890E900AE65CE /* Security.framework in Frameworks */ = {isa = PBXBuildFile; fileRef = 7505020217F890E900AE65CE /* Security.framework */; };
		7505020717F890F400AE65CE /* SystemConfiguration.framework in Frameworks */ = {isa = PBXBuildFile; fileRef = 7505020617F890F400AE65CE /* SystemConfiguration.framework */; };
		75071BF6180A4C0C0065CB87 /* ImageDetailsViewController.m in Sources */ = {isa = PBXBuildFile; fileRef = 75071BF5180A4C0B0065CB87 /* ImageDetailsViewController.m */; };
		7517725017F993D000A7B4A2 /* SubcategoryModel.m in Sources */ = {isa = PBXBuildFile; fileRef = 7517724F17F993D000A7B4A2 /* SubcategoryModel.m */; };
		751A2DA417F59A550015FC68 /* QuestionDetailsViewController.m in Sources */ = {isa = PBXBuildFile; fileRef = 751A2DA317F59A550015FC68 /* QuestionDetailsViewController.m */; };
		751A2DA717F5CF020015FC68 /* AnswerModel.m in Sources */ = {isa = PBXBuildFile; fileRef = 751A2DA617F5CF020015FC68 /* AnswerModel.m */; };
		751A2DAA17F5CF090015FC68 /* UserModel.m in Sources */ = {isa = PBXBuildFile; fileRef = 751A2DA917F5CF090015FC68 /* UserModel.m */; };
		7530837F17F4AC9F0016FBA9 /* MKAnnotationView+WebCache.m in Sources */ = {isa = PBXBuildFile; fileRef = 7530836317F4AC9F0016FBA9 /* MKAnnotationView+WebCache.m */; };
		7530838017F4AC9F0016FBA9 /* NSData+GIF.m in Sources */ = {isa = PBXBuildFile; fileRef = 7530836517F4AC9F0016FBA9 /* NSData+GIF.m */; };
		7530838117F4AC9F0016FBA9 /* SDImageCache.m in Sources */ = {isa = PBXBuildFile; fileRef = 7530836717F4AC9F0016FBA9 /* SDImageCache.m */; };
		7530838217F4AC9F0016FBA9 /* SDWebImageCompat.m in Sources */ = {isa = PBXBuildFile; fileRef = 7530836917F4AC9F0016FBA9 /* SDWebImageCompat.m */; };
		7530838317F4AC9F0016FBA9 /* SDWebImageDecoder.m in Sources */ = {isa = PBXBuildFile; fileRef = 7530836B17F4AC9F0016FBA9 /* SDWebImageDecoder.m */; };
		7530838417F4AC9F0016FBA9 /* SDWebImageDownloader.m in Sources */ = {isa = PBXBuildFile; fileRef = 7530836D17F4AC9F0016FBA9 /* SDWebImageDownloader.m */; };
		7530838517F4AC9F0016FBA9 /* SDWebImageDownloaderOperation.m in Sources */ = {isa = PBXBuildFile; fileRef = 7530836F17F4AC9F0016FBA9 /* SDWebImageDownloaderOperation.m */; };
		7530838617F4AC9F0016FBA9 /* SDWebImageManager.m in Sources */ = {isa = PBXBuildFile; fileRef = 7530837117F4AC9F0016FBA9 /* SDWebImageManager.m */; };
		7530838717F4AC9F0016FBA9 /* SDWebImagePrefetcher.m in Sources */ = {isa = PBXBuildFile; fileRef = 7530837417F4AC9F0016FBA9 /* SDWebImagePrefetcher.m */; };
		7530838817F4AC9F0016FBA9 /* UIButton+WebCache.m in Sources */ = {isa = PBXBuildFile; fileRef = 7530837617F4AC9F0016FBA9 /* UIButton+WebCache.m */; };
		7530838917F4AC9F0016FBA9 /* UIImage+GIF.m in Sources */ = {isa = PBXBuildFile; fileRef = 7530837817F4AC9F0016FBA9 /* UIImage+GIF.m */; };
		7530838A17F4AC9F0016FBA9 /* UIImage+MultiFormat.m in Sources */ = {isa = PBXBuildFile; fileRef = 7530837A17F4AC9F0016FBA9 /* UIImage+MultiFormat.m */; };
		7530838B17F4AC9F0016FBA9 /* UIImage+WebP.m in Sources */ = {isa = PBXBuildFile; fileRef = 7530837C17F4AC9F0016FBA9 /* UIImage+WebP.m */; };
		7530838C17F4AC9F0016FBA9 /* UIImageView+WebCache.m in Sources */ = {isa = PBXBuildFile; fileRef = 7530837E17F4AC9F0016FBA9 /* UIImageView+WebCache.m */; };
		7542D1A017FB0764004458F3 /* GoogleOpenSource.framework in Frameworks */ = {isa = PBXBuildFile; fileRef = 7542D19F17FB0764004458F3 /* GoogleOpenSource.framework */; };
		7542D1A217FB0775004458F3 /* GooglePlus.framework in Frameworks */ = {isa = PBXBuildFile; fileRef = 7542D1A117FB0775004458F3 /* GooglePlus.framework */; };
		7542D1A617FB0814004458F3 /* GooglePlus.bundle in Resources */ = {isa = PBXBuildFile; fileRef = 7542D1A517FB0814004458F3 /* GooglePlus.bundle */; };
		75448BD617FAFC2100B153AD /* KeychainItemWrapper.m in Sources */ = {isa = PBXBuildFile; fileRef = 75448BD517FAFC2100B153AD /* KeychainItemWrapper.m */; };
		754A808F17EA161F00C15113 /* Foundation.framework in Frameworks */ = {isa = PBXBuildFile; fileRef = 754A808E17EA161F00C15113 /* Foundation.framework */; };
		754A809117EA161F00C15113 /* CoreGraphics.framework in Frameworks */ = {isa = PBXBuildFile; fileRef = 754A809017EA161F00C15113 /* CoreGraphics.framework */; };
		754A809317EA161F00C15113 /* UIKit.framework in Frameworks */ = {isa = PBXBuildFile; fileRef = 754A809217EA161F00C15113 /* UIKit.framework */; };
		754A809917EA161F00C15113 /* InfoPlist.strings in Resources */ = {isa = PBXBuildFile; fileRef = 754A809717EA161F00C15113 /* InfoPlist.strings */; };
		754A809B17EA161F00C15113 /* main.m in Sources */ = {isa = PBXBuildFile; fileRef = 754A809A17EA161F00C15113 /* main.m */; };
		754A809F17EA161F00C15113 /* AppDelegate.m in Sources */ = {isa = PBXBuildFile; fileRef = 754A809E17EA161F00C15113 /* AppDelegate.m */; };
		754A80A217EA161F00C15113 /* Main.storyboard in Resources */ = {isa = PBXBuildFile; fileRef = 754A80A017EA161F00C15113 /* Main.storyboard */; };
		754A80A717EA161F00C15113 /* Images.xcassets in Resources */ = {isa = PBXBuildFile; fileRef = 754A80A617EA161F00C15113 /* Images.xcassets */; };
		754A80AE17EA161F00C15113 /* XCTest.framework in Frameworks */ = {isa = PBXBuildFile; fileRef = 754A80AD17EA161F00C15113 /* XCTest.framework */; };
		754A80AF17EA161F00C15113 /* Foundation.framework in Frameworks */ = {isa = PBXBuildFile; fileRef = 754A808E17EA161F00C15113 /* Foundation.framework */; };
		754A80B017EA161F00C15113 /* UIKit.framework in Frameworks */ = {isa = PBXBuildFile; fileRef = 754A809217EA161F00C15113 /* UIKit.framework */; };
		754A80B817EA161F00C15113 /* InfoPlist.strings in Resources */ = {isa = PBXBuildFile; fileRef = 754A80B617EA161F00C15113 /* InfoPlist.strings */; };
		754A80BA17EA161F00C15113 /* Snap2AskTests.m in Sources */ = {isa = PBXBuildFile; fileRef = 754A80B917EA161F00C15113 /* Snap2AskTests.m */; };
		7577B11317EA48E500F1F363 /* RegisterViewController.m in Sources */ = {isa = PBXBuildFile; fileRef = 7577B11217EA48E500F1F363 /* RegisterViewController.m */; };
		7577B11617EA490000F1F363 /* MainViewController.m in Sources */ = {isa = PBXBuildFile; fileRef = 7577B11517EA490000F1F363 /* MainViewController.m */; };
		7591501A17F463CB00D01E46 /* AskQuestionViewController.m in Sources */ = {isa = PBXBuildFile; fileRef = 7591501917F463CA00D01E46 /* AskQuestionViewController.m */; };
		7591DDB01810D2D70059B896 /* StoreKit.framework in Frameworks */ = {isa = PBXBuildFile; fileRef = 7591DDAF1810D2D70059B896 /* StoreKit.framework */; };
		759828FD17EA4D2F007E72B0 /* FacebookSDK.framework in Frameworks */ = {isa = PBXBuildFile; fileRef = 759828FC17EA4D2F007E72B0 /* FacebookSDK.framework */; };
		759D2C8317F0F1D80034E40E /* Snap2AskClient.m in Sources */ = {isa = PBXBuildFile; fileRef = 759D2C8217F0F1D80034E40E /* Snap2AskClient.m */; };
		759D91E117F28D8500C9F678 /* QuestionModel.m in Sources */ = {isa = PBXBuildFile; fileRef = 759D91E017F28D8500C9F678 /* QuestionModel.m */; };
		759D91E317F28FCE00C9F678 /* MobileCoreServices.framework in Frameworks */ = {isa = PBXBuildFile; fileRef = 759D91E217F28FCE00C9F678 /* MobileCoreServices.framework */; };
		75A1324C1800810900413142 /* MBProgressHUD.m in Sources */ = {isa = PBXBuildFile; fileRef = 75A1324B1800810900413142 /* MBProgressHUD.m */; };
		75AED28817F70EC000B185AB /* SettingsViewController.m in Sources */ = {isa = PBXBuildFile; fileRef = 75AED28717F70EC000B185AB /* SettingsViewController.m */; };
		75B5B3A217FA1B3600123C7A /* QuestionTableViewController.m in Sources */ = {isa = PBXBuildFile; fileRef = 75B5B3A117FA1B3600123C7A /* QuestionTableViewController.m */; };
		75C2662F18003A7C00FA3CF1 /* AFNetworkActivityIndicatorManager.m in Sources */ = {isa = PBXBuildFile; fileRef = 75C2662118003A7C00FA3CF1 /* AFNetworkActivityIndicatorManager.m */; };
		75C2663018003A7C00FA3CF1 /* UIActivityIndicatorView+AFNetworking.m in Sources */ = {isa = PBXBuildFile; fileRef = 75C2662318003A7C00FA3CF1 /* UIActivityIndicatorView+AFNetworking.m */; };
		75C2663118003A7C00FA3CF1 /* UIAlertView+AFNetworking.m in Sources */ = {isa = PBXBuildFile; fileRef = 75C2662518003A7C00FA3CF1 /* UIAlertView+AFNetworking.m */; };
		75C2663218003A7C00FA3CF1 /* UIButton+AFNetworking.m in Sources */ = {isa = PBXBuildFile; fileRef = 75C2662718003A7C00FA3CF1 /* UIButton+AFNetworking.m */; };
		75C2663318003A7C00FA3CF1 /* UIImageView+AFNetworking.m in Sources */ = {isa = PBXBuildFile; fileRef = 75C2662918003A7C00FA3CF1 /* UIImageView+AFNetworking.m */; };
		75C2663418003A7C00FA3CF1 /* UIProgressView+AFNetworking.m in Sources */ = {isa = PBXBuildFile; fileRef = 75C2662C18003A7C00FA3CF1 /* UIProgressView+AFNetworking.m */; };
		75C2663518003A7C00FA3CF1 /* UIWebView+AFNetworking.m in Sources */ = {isa = PBXBuildFile; fileRef = 75C2662E18003A7C00FA3CF1 /* UIWebView+AFNetworking.m */; };
		75C2664A18003AFF00FA3CF1 /* AFHTTPRequestOperation.m in Sources */ = {isa = PBXBuildFile; fileRef = 75C2663818003AFF00FA3CF1 /* AFHTTPRequestOperation.m */; };
		75C2664B18003AFF00FA3CF1 /* AFHTTPRequestOperationManager.m in Sources */ = {isa = PBXBuildFile; fileRef = 75C2663A18003AFF00FA3CF1 /* AFHTTPRequestOperationManager.m */; };
		75C2664C18003AFF00FA3CF1 /* AFHTTPSessionManager.m in Sources */ = {isa = PBXBuildFile; fileRef = 75C2663C18003AFF00FA3CF1 /* AFHTTPSessionManager.m */; };
		75C2664D18003AFF00FA3CF1 /* AFNetworkReachabilityManager.m in Sources */ = {isa = PBXBuildFile; fileRef = 75C2663F18003AFF00FA3CF1 /* AFNetworkReachabilityManager.m */; };
		75C2664E18003AFF00FA3CF1 /* AFSecurityPolicy.m in Sources */ = {isa = PBXBuildFile; fileRef = 75C2664118003AFF00FA3CF1 /* AFSecurityPolicy.m */; };
		75C2664F18003AFF00FA3CF1 /* AFURLConnectionOperation.m in Sources */ = {isa = PBXBuildFile; fileRef = 75C2664318003AFF00FA3CF1 /* AFURLConnectionOperation.m */; };
		75C2665018003AFF00FA3CF1 /* AFURLRequestSerialization.m in Sources */ = {isa = PBXBuildFile; fileRef = 75C2664518003AFF00FA3CF1 /* AFURLRequestSerialization.m */; };
		75C2665118003AFF00FA3CF1 /* AFURLResponseSerialization.m in Sources */ = {isa = PBXBuildFile; fileRef = 75C2664718003AFF00FA3CF1 /* AFURLResponseSerialization.m */; };
		75C2665218003AFF00FA3CF1 /* AFURLSessionManager.m in Sources */ = {isa = PBXBuildFile; fileRef = 75C2664918003AFF00FA3CF1 /* AFURLSessionManager.m */; };
		75C83165181840E700983178 /* QuestionDetailCell.m in Sources */ = {isa = PBXBuildFile; fileRef = 75C83164181840E700983178 /* QuestionDetailCell.m */; };
		75C83168181840EF00983178 /* AnswerDetailCell.m in Sources */ = {isa = PBXBuildFile; fileRef = 75C83167181840EF00983178 /* AnswerDetailCell.m */; };
		75D7B61F17F9157200178785 /* CategoryModel.m in Sources */ = {isa = PBXBuildFile; fileRef = 75D7B61E17F9157200178785 /* CategoryModel.m */; };
		75E0BC79180C3A97006C9360 /* SelectCategoryViewController.m in Sources */ = {isa = PBXBuildFile; fileRef = 75E0BC78180C3A97006C9360 /* SelectCategoryViewController.m */; };
		75E0BC7C180C3AA4006C9360 /* SelectSubcategoryViewController.m in Sources */ = {isa = PBXBuildFile; fileRef = 75E0BC7B180C3AA4006C9360 /* SelectSubcategoryViewController.m */; };
		75E0BC7F180C3B2D006C9360 /* CategoryCell.m in Sources */ = {isa = PBXBuildFile; fileRef = 75E0BC7E180C3B2D006C9360 /* CategoryCell.m */; };
		75E0BC82180C3B38006C9360 /* SubcategoryCell.m in Sources */ = {isa = PBXBuildFile; fileRef = 75E0BC81180C3B38006C9360 /* SubcategoryCell.m */; };
		75F951F617FBCD2700A80B1F /* UserInfo.m in Sources */ = {isa = PBXBuildFile; fileRef = 75F951F517FBCD2700A80B1F /* UserInfo.m */; };
		75FA2B2717F8876D00308977 /* QuestionCell.m in Sources */ = {isa = PBXBuildFile; fileRef = 75FA2B2617F8876D00308977 /* QuestionCell.m */; };
/* End PBXBuildFile section */

/* Begin PBXContainerItemProxy section */
		754A80B117EA161F00C15113 /* PBXContainerItemProxy */ = {
			isa = PBXContainerItemProxy;
			containerPortal = 754A808317EA161F00C15113 /* Project object */;
			proxyType = 1;
			remoteGlobalIDString = 754A808A17EA161F00C15113;
			remoteInfo = Snap2Ask;
		};
/* End PBXContainerItemProxy section */

/* Begin PBXFileReference section */
		750501F617F8907000AE65CE /* Parse.framework */ = {isa = PBXFileReference; lastKnownFileType = wrapper.framework; path = Parse.framework; sourceTree = "<group>"; };
		750501F817F890BE00AE65CE /* AudioToolbox.framework */ = {isa = PBXFileReference; lastKnownFileType = wrapper.framework; name = AudioToolbox.framework; path = System/Library/Frameworks/AudioToolbox.framework; sourceTree = SDKROOT; };
		750501FA17F890C500AE65CE /* CFNetwork.framework */ = {isa = PBXFileReference; lastKnownFileType = wrapper.framework; name = CFNetwork.framework; path = System/Library/Frameworks/CFNetwork.framework; sourceTree = SDKROOT; };
		750501FC17F890D000AE65CE /* CoreLocation.framework */ = {isa = PBXFileReference; lastKnownFileType = wrapper.framework; name = CoreLocation.framework; path = System/Library/Frameworks/CoreLocation.framework; sourceTree = SDKROOT; };
		750501FE17F890DB00AE65CE /* libz.1.1.3.dylib */ = {isa = PBXFileReference; lastKnownFileType = "compiled.mach-o.dylib"; name = libz.1.1.3.dylib; path = usr/lib/libz.1.1.3.dylib; sourceTree = SDKROOT; };
		7505020017F890E400AE65CE /* QuartzCore.framework */ = {isa = PBXFileReference; lastKnownFileType = wrapper.framework; name = QuartzCore.framework; path = System/Library/Frameworks/QuartzCore.framework; sourceTree = SDKROOT; };
		7505020217F890E900AE65CE /* Security.framework */ = {isa = PBXFileReference; lastKnownFileType = wrapper.framework; name = Security.framework; path = System/Library/Frameworks/Security.framework; sourceTree = SDKROOT; };
		7505020617F890F400AE65CE /* SystemConfiguration.framework */ = {isa = PBXFileReference; lastKnownFileType = wrapper.framework; name = SystemConfiguration.framework; path = System/Library/Frameworks/SystemConfiguration.framework; sourceTree = SDKROOT; };
		75071BF4180A4C0B0065CB87 /* ImageDetailsViewController.h */ = {isa = PBXFileReference; fileEncoding = 4; lastKnownFileType = sourcecode.c.h; path = ImageDetailsViewController.h; sourceTree = "<group>"; };
		75071BF5180A4C0B0065CB87 /* ImageDetailsViewController.m */ = {isa = PBXFileReference; fileEncoding = 4; lastKnownFileType = sourcecode.c.objc; path = ImageDetailsViewController.m; sourceTree = "<group>"; };
		7517724E17F993D000A7B4A2 /* SubcategoryModel.h */ = {isa = PBXFileReference; fileEncoding = 4; lastKnownFileType = sourcecode.c.h; path = SubcategoryModel.h; sourceTree = "<group>"; };
		7517724F17F993D000A7B4A2 /* SubcategoryModel.m */ = {isa = PBXFileReference; fileEncoding = 4; lastKnownFileType = sourcecode.c.objc; path = SubcategoryModel.m; sourceTree = "<group>"; };
		751A2DA217F59A550015FC68 /* QuestionDetailsViewController.h */ = {isa = PBXFileReference; fileEncoding = 4; lastKnownFileType = sourcecode.c.h; path = QuestionDetailsViewController.h; sourceTree = "<group>"; };
		751A2DA317F59A550015FC68 /* QuestionDetailsViewController.m */ = {isa = PBXFileReference; fileEncoding = 4; lastKnownFileType = sourcecode.c.objc; path = QuestionDetailsViewController.m; sourceTree = "<group>"; };
		751A2DA517F5CF020015FC68 /* AnswerModel.h */ = {isa = PBXFileReference; fileEncoding = 4; lastKnownFileType = sourcecode.c.h; path = AnswerModel.h; sourceTree = "<group>"; };
		751A2DA617F5CF020015FC68 /* AnswerModel.m */ = {isa = PBXFileReference; fileEncoding = 4; lastKnownFileType = sourcecode.c.objc; path = AnswerModel.m; sourceTree = "<group>"; };
		751A2DA817F5CF090015FC68 /* UserModel.h */ = {isa = PBXFileReference; fileEncoding = 4; lastKnownFileType = sourcecode.c.h; path = UserModel.h; sourceTree = "<group>"; };
		751A2DA917F5CF090015FC68 /* UserModel.m */ = {isa = PBXFileReference; fileEncoding = 4; lastKnownFileType = sourcecode.c.objc; path = UserModel.m; sourceTree = "<group>"; };
		7530836217F4AC9F0016FBA9 /* MKAnnotationView+WebCache.h */ = {isa = PBXFileReference; fileEncoding = 4; lastKnownFileType = sourcecode.c.h; path = "MKAnnotationView+WebCache.h"; sourceTree = "<group>"; };
		7530836317F4AC9F0016FBA9 /* MKAnnotationView+WebCache.m */ = {isa = PBXFileReference; fileEncoding = 4; lastKnownFileType = sourcecode.c.objc; path = "MKAnnotationView+WebCache.m"; sourceTree = "<group>"; };
		7530836417F4AC9F0016FBA9 /* NSData+GIF.h */ = {isa = PBXFileReference; fileEncoding = 4; lastKnownFileType = sourcecode.c.h; path = "NSData+GIF.h"; sourceTree = "<group>"; };
		7530836517F4AC9F0016FBA9 /* NSData+GIF.m */ = {isa = PBXFileReference; fileEncoding = 4; lastKnownFileType = sourcecode.c.objc; path = "NSData+GIF.m"; sourceTree = "<group>"; };
		7530836617F4AC9F0016FBA9 /* SDImageCache.h */ = {isa = PBXFileReference; fileEncoding = 4; lastKnownFileType = sourcecode.c.h; path = SDImageCache.h; sourceTree = "<group>"; };
		7530836717F4AC9F0016FBA9 /* SDImageCache.m */ = {isa = PBXFileReference; fileEncoding = 4; lastKnownFileType = sourcecode.c.objc; path = SDImageCache.m; sourceTree = "<group>"; };
		7530836817F4AC9F0016FBA9 /* SDWebImageCompat.h */ = {isa = PBXFileReference; fileEncoding = 4; lastKnownFileType = sourcecode.c.h; path = SDWebImageCompat.h; sourceTree = "<group>"; };
		7530836917F4AC9F0016FBA9 /* SDWebImageCompat.m */ = {isa = PBXFileReference; fileEncoding = 4; lastKnownFileType = sourcecode.c.objc; path = SDWebImageCompat.m; sourceTree = "<group>"; };
		7530836A17F4AC9F0016FBA9 /* SDWebImageDecoder.h */ = {isa = PBXFileReference; fileEncoding = 4; lastKnownFileType = sourcecode.c.h; path = SDWebImageDecoder.h; sourceTree = "<group>"; };
		7530836B17F4AC9F0016FBA9 /* SDWebImageDecoder.m */ = {isa = PBXFileReference; fileEncoding = 4; lastKnownFileType = sourcecode.c.objc; path = SDWebImageDecoder.m; sourceTree = "<group>"; };
		7530836C17F4AC9F0016FBA9 /* SDWebImageDownloader.h */ = {isa = PBXFileReference; fileEncoding = 4; lastKnownFileType = sourcecode.c.h; path = SDWebImageDownloader.h; sourceTree = "<group>"; };
		7530836D17F4AC9F0016FBA9 /* SDWebImageDownloader.m */ = {isa = PBXFileReference; fileEncoding = 4; lastKnownFileType = sourcecode.c.objc; path = SDWebImageDownloader.m; sourceTree = "<group>"; };
		7530836E17F4AC9F0016FBA9 /* SDWebImageDownloaderOperation.h */ = {isa = PBXFileReference; fileEncoding = 4; lastKnownFileType = sourcecode.c.h; path = SDWebImageDownloaderOperation.h; sourceTree = "<group>"; };
		7530836F17F4AC9F0016FBA9 /* SDWebImageDownloaderOperation.m */ = {isa = PBXFileReference; fileEncoding = 4; lastKnownFileType = sourcecode.c.objc; path = SDWebImageDownloaderOperation.m; sourceTree = "<group>"; };
		7530837017F4AC9F0016FBA9 /* SDWebImageManager.h */ = {isa = PBXFileReference; fileEncoding = 4; lastKnownFileType = sourcecode.c.h; path = SDWebImageManager.h; sourceTree = "<group>"; };
		7530837117F4AC9F0016FBA9 /* SDWebImageManager.m */ = {isa = PBXFileReference; fileEncoding = 4; lastKnownFileType = sourcecode.c.objc; path = SDWebImageManager.m; sourceTree = "<group>"; };
		7530837217F4AC9F0016FBA9 /* SDWebImageOperation.h */ = {isa = PBXFileReference; fileEncoding = 4; lastKnownFileType = sourcecode.c.h; path = SDWebImageOperation.h; sourceTree = "<group>"; };
		7530837317F4AC9F0016FBA9 /* SDWebImagePrefetcher.h */ = {isa = PBXFileReference; fileEncoding = 4; lastKnownFileType = sourcecode.c.h; path = SDWebImagePrefetcher.h; sourceTree = "<group>"; };
		7530837417F4AC9F0016FBA9 /* SDWebImagePrefetcher.m */ = {isa = PBXFileReference; fileEncoding = 4; lastKnownFileType = sourcecode.c.objc; path = SDWebImagePrefetcher.m; sourceTree = "<group>"; };
		7530837517F4AC9F0016FBA9 /* UIButton+WebCache.h */ = {isa = PBXFileReference; fileEncoding = 4; lastKnownFileType = sourcecode.c.h; path = "UIButton+WebCache.h"; sourceTree = "<group>"; };
		7530837617F4AC9F0016FBA9 /* UIButton+WebCache.m */ = {isa = PBXFileReference; fileEncoding = 4; lastKnownFileType = sourcecode.c.objc; path = "UIButton+WebCache.m"; sourceTree = "<group>"; };
		7530837717F4AC9F0016FBA9 /* UIImage+GIF.h */ = {isa = PBXFileReference; fileEncoding = 4; lastKnownFileType = sourcecode.c.h; path = "UIImage+GIF.h"; sourceTree = "<group>"; };
		7530837817F4AC9F0016FBA9 /* UIImage+GIF.m */ = {isa = PBXFileReference; fileEncoding = 4; lastKnownFileType = sourcecode.c.objc; path = "UIImage+GIF.m"; sourceTree = "<group>"; };
		7530837917F4AC9F0016FBA9 /* UIImage+MultiFormat.h */ = {isa = PBXFileReference; fileEncoding = 4; lastKnownFileType = sourcecode.c.h; path = "UIImage+MultiFormat.h"; sourceTree = "<group>"; };
		7530837A17F4AC9F0016FBA9 /* UIImage+MultiFormat.m */ = {isa = PBXFileReference; fileEncoding = 4; lastKnownFileType = sourcecode.c.objc; path = "UIImage+MultiFormat.m"; sourceTree = "<group>"; };
		7530837B17F4AC9F0016FBA9 /* UIImage+WebP.h */ = {isa = PBXFileReference; fileEncoding = 4; lastKnownFileType = sourcecode.c.h; path = "UIImage+WebP.h"; sourceTree = "<group>"; };
		7530837C17F4AC9F0016FBA9 /* UIImage+WebP.m */ = {isa = PBXFileReference; fileEncoding = 4; lastKnownFileType = sourcecode.c.objc; path = "UIImage+WebP.m"; sourceTree = "<group>"; };
		7530837D17F4AC9F0016FBA9 /* UIImageView+WebCache.h */ = {isa = PBXFileReference; fileEncoding = 4; lastKnownFileType = sourcecode.c.h; path = "UIImageView+WebCache.h"; sourceTree = "<group>"; };
		7530837E17F4AC9F0016FBA9 /* UIImageView+WebCache.m */ = {isa = PBXFileReference; fileEncoding = 4; lastKnownFileType = sourcecode.c.objc; path = "UIImageView+WebCache.m"; sourceTree = "<group>"; };
		7542D19F17FB0764004458F3 /* GoogleOpenSource.framework */ = {isa = PBXFileReference; lastKnownFileType = wrapper.framework; path = GoogleOpenSource.framework; sourceTree = "<group>"; };
		7542D1A117FB0775004458F3 /* GooglePlus.framework */ = {isa = PBXFileReference; lastKnownFileType = wrapper.framework; path = GooglePlus.framework; sourceTree = "<group>"; };
		7542D1A517FB0814004458F3 /* GooglePlus.bundle */ = {isa = PBXFileReference; lastKnownFileType = "wrapper.plug-in"; path = GooglePlus.bundle; sourceTree = "<group>"; };
		75448BD417FAFC2100B153AD /* KeychainItemWrapper.h */ = {isa = PBXFileReference; fileEncoding = 4; lastKnownFileType = sourcecode.c.h; path = KeychainItemWrapper.h; sourceTree = "<group>"; };
		75448BD517FAFC2100B153AD /* KeychainItemWrapper.m */ = {isa = PBXFileReference; fileEncoding = 4; lastKnownFileType = sourcecode.c.objc; path = KeychainItemWrapper.m; sourceTree = "<group>"; };
		754A808B17EA161F00C15113 /* Snap2Ask.app */ = {isa = PBXFileReference; explicitFileType = wrapper.application; includeInIndex = 0; path = Snap2Ask.app; sourceTree = BUILT_PRODUCTS_DIR; };
		754A808E17EA161F00C15113 /* Foundation.framework */ = {isa = PBXFileReference; lastKnownFileType = wrapper.framework; name = Foundation.framework; path = System/Library/Frameworks/Foundation.framework; sourceTree = SDKROOT; };
		754A809017EA161F00C15113 /* CoreGraphics.framework */ = {isa = PBXFileReference; lastKnownFileType = wrapper.framework; name = CoreGraphics.framework; path = System/Library/Frameworks/CoreGraphics.framework; sourceTree = SDKROOT; };
		754A809217EA161F00C15113 /* UIKit.framework */ = {isa = PBXFileReference; lastKnownFileType = wrapper.framework; name = UIKit.framework; path = System/Library/Frameworks/UIKit.framework; sourceTree = SDKROOT; };
		754A809617EA161F00C15113 /* Snap2Ask-Info.plist */ = {isa = PBXFileReference; lastKnownFileType = text.plist.xml; path = "Snap2Ask-Info.plist"; sourceTree = "<group>"; };
		754A809817EA161F00C15113 /* en */ = {isa = PBXFileReference; lastKnownFileType = text.plist.strings; name = en; path = en.lproj/InfoPlist.strings; sourceTree = "<group>"; };
		754A809A17EA161F00C15113 /* main.m */ = {isa = PBXFileReference; lastKnownFileType = sourcecode.c.objc; path = main.m; sourceTree = "<group>"; };
		754A809C17EA161F00C15113 /* Snap2Ask-Prefix.pch */ = {isa = PBXFileReference; lastKnownFileType = sourcecode.c.h; path = "Snap2Ask-Prefix.pch"; sourceTree = "<group>"; };
		754A809D17EA161F00C15113 /* AppDelegate.h */ = {isa = PBXFileReference; lastKnownFileType = sourcecode.c.h; path = AppDelegate.h; sourceTree = "<group>"; };
		754A809E17EA161F00C15113 /* AppDelegate.m */ = {isa = PBXFileReference; lastKnownFileType = sourcecode.c.objc; path = AppDelegate.m; sourceTree = "<group>"; };
		754A80A117EA161F00C15113 /* Base */ = {isa = PBXFileReference; lastKnownFileType = file.storyboard; name = Base; path = Base.lproj/Main.storyboard; sourceTree = "<group>"; };
		754A80A617EA161F00C15113 /* Images.xcassets */ = {isa = PBXFileReference; lastKnownFileType = folder.assetcatalog; path = Images.xcassets; sourceTree = "<group>"; };
		754A80AC17EA161F00C15113 /* Snap2AskTests.xctest */ = {isa = PBXFileReference; explicitFileType = wrapper.cfbundle; includeInIndex = 0; path = Snap2AskTests.xctest; sourceTree = BUILT_PRODUCTS_DIR; };
		754A80AD17EA161F00C15113 /* XCTest.framework */ = {isa = PBXFileReference; lastKnownFileType = wrapper.framework; name = XCTest.framework; path = Library/Frameworks/XCTest.framework; sourceTree = DEVELOPER_DIR; };
		754A80B517EA161F00C15113 /* Snap2AskTests-Info.plist */ = {isa = PBXFileReference; lastKnownFileType = text.plist.xml; path = "Snap2AskTests-Info.plist"; sourceTree = "<group>"; };
		754A80B717EA161F00C15113 /* en */ = {isa = PBXFileReference; lastKnownFileType = text.plist.strings; name = en; path = en.lproj/InfoPlist.strings; sourceTree = "<group>"; };
		754A80B917EA161F00C15113 /* Snap2AskTests.m */ = {isa = PBXFileReference; lastKnownFileType = sourcecode.c.objc; path = Snap2AskTests.m; sourceTree = "<group>"; };
		7577B11117EA48E500F1F363 /* RegisterViewController.h */ = {isa = PBXFileReference; fileEncoding = 4; lastKnownFileType = sourcecode.c.h; path = RegisterViewController.h; sourceTree = "<group>"; };
		7577B11217EA48E500F1F363 /* RegisterViewController.m */ = {isa = PBXFileReference; fileEncoding = 4; lastKnownFileType = sourcecode.c.objc; path = RegisterViewController.m; sourceTree = "<group>"; };
		7577B11417EA490000F1F363 /* MainViewController.h */ = {isa = PBXFileReference; fileEncoding = 4; lastKnownFileType = sourcecode.c.h; path = MainViewController.h; sourceTree = "<group>"; };
		7577B11517EA490000F1F363 /* MainViewController.m */ = {isa = PBXFileReference; fileEncoding = 4; lastKnownFileType = sourcecode.c.objc; path = MainViewController.m; sourceTree = "<group>"; };
		7591501817F463CA00D01E46 /* AskQuestionViewController.h */ = {isa = PBXFileReference; fileEncoding = 4; lastKnownFileType = sourcecode.c.h; path = AskQuestionViewController.h; sourceTree = "<group>"; };
		7591501917F463CA00D01E46 /* AskQuestionViewController.m */ = {isa = PBXFileReference; fileEncoding = 4; lastKnownFileType = sourcecode.c.objc; path = AskQuestionViewController.m; sourceTree = "<group>"; };
		7591DDAF1810D2D70059B896 /* StoreKit.framework */ = {isa = PBXFileReference; lastKnownFileType = wrapper.framework; name = StoreKit.framework; path = System/Library/Frameworks/StoreKit.framework; sourceTree = SDKROOT; };
		759828FC17EA4D2F007E72B0 /* FacebookSDK.framework */ = {isa = PBXFileReference; lastKnownFileType = wrapper.framework; path = FacebookSDK.framework; sourceTree = "<group>"; };
		759D2C8117F0F1D80034E40E /* Snap2AskClient.h */ = {isa = PBXFileReference; fileEncoding = 4; lastKnownFileType = sourcecode.c.h; path = Snap2AskClient.h; sourceTree = "<group>"; };
		759D2C8217F0F1D80034E40E /* Snap2AskClient.m */ = {isa = PBXFileReference; fileEncoding = 4; lastKnownFileType = sourcecode.c.objc; path = Snap2AskClient.m; sourceTree = "<group>"; };
		759D91DF17F28D8500C9F678 /* QuestionModel.h */ = {isa = PBXFileReference; fileEncoding = 4; lastKnownFileType = sourcecode.c.h; path = QuestionModel.h; sourceTree = "<group>"; };
		759D91E017F28D8500C9F678 /* QuestionModel.m */ = {isa = PBXFileReference; fileEncoding = 4; lastKnownFileType = sourcecode.c.objc; path = QuestionModel.m; sourceTree = "<group>"; };
		759D91E217F28FCE00C9F678 /* MobileCoreServices.framework */ = {isa = PBXFileReference; lastKnownFileType = wrapper.framework; name = MobileCoreServices.framework; path = System/Library/Frameworks/MobileCoreServices.framework; sourceTree = SDKROOT; };
		75A1324A1800810900413142 /* MBProgressHUD.h */ = {isa = PBXFileReference; fileEncoding = 4; lastKnownFileType = sourcecode.c.h; path = MBProgressHUD.h; sourceTree = "<group>"; };
		75A1324B1800810900413142 /* MBProgressHUD.m */ = {isa = PBXFileReference; fileEncoding = 4; lastKnownFileType = sourcecode.c.objc; path = MBProgressHUD.m; sourceTree = "<group>"; };
		75AED28617F70EC000B185AB /* SettingsViewController.h */ = {isa = PBXFileReference; fileEncoding = 4; lastKnownFileType = sourcecode.c.h; path = SettingsViewController.h; sourceTree = "<group>"; };
		75AED28717F70EC000B185AB /* SettingsViewController.m */ = {isa = PBXFileReference; fileEncoding = 4; lastKnownFileType = sourcecode.c.objc; path = SettingsViewController.m; sourceTree = "<group>"; };
		75B5B3A017FA1B3600123C7A /* QuestionTableViewController.h */ = {isa = PBXFileReference; fileEncoding = 4; lastKnownFileType = sourcecode.c.h; path = QuestionTableViewController.h; sourceTree = "<group>"; };
		75B5B3A117FA1B3600123C7A /* QuestionTableViewController.m */ = {isa = PBXFileReference; fileEncoding = 4; lastKnownFileType = sourcecode.c.objc; path = QuestionTableViewController.m; sourceTree = "<group>"; };
		75C2662018003A7C00FA3CF1 /* AFNetworkActivityIndicatorManager.h */ = {isa = PBXFileReference; fileEncoding = 4; lastKnownFileType = sourcecode.c.h; path = AFNetworkActivityIndicatorManager.h; sourceTree = "<group>"; };
		75C2662118003A7C00FA3CF1 /* AFNetworkActivityIndicatorManager.m */ = {isa = PBXFileReference; fileEncoding = 4; lastKnownFileType = sourcecode.c.objc; path = AFNetworkActivityIndicatorManager.m; sourceTree = "<group>"; };
		75C2662218003A7C00FA3CF1 /* UIActivityIndicatorView+AFNetworking.h */ = {isa = PBXFileReference; fileEncoding = 4; lastKnownFileType = sourcecode.c.h; path = "UIActivityIndicatorView+AFNetworking.h"; sourceTree = "<group>"; };
		75C2662318003A7C00FA3CF1 /* UIActivityIndicatorView+AFNetworking.m */ = {isa = PBXFileReference; fileEncoding = 4; lastKnownFileType = sourcecode.c.objc; path = "UIActivityIndicatorView+AFNetworking.m"; sourceTree = "<group>"; };
		75C2662418003A7C00FA3CF1 /* UIAlertView+AFNetworking.h */ = {isa = PBXFileReference; fileEncoding = 4; lastKnownFileType = sourcecode.c.h; path = "UIAlertView+AFNetworking.h"; sourceTree = "<group>"; };
		75C2662518003A7C00FA3CF1 /* UIAlertView+AFNetworking.m */ = {isa = PBXFileReference; fileEncoding = 4; lastKnownFileType = sourcecode.c.objc; path = "UIAlertView+AFNetworking.m"; sourceTree = "<group>"; };
		75C2662618003A7C00FA3CF1 /* UIButton+AFNetworking.h */ = {isa = PBXFileReference; fileEncoding = 4; lastKnownFileType = sourcecode.c.h; path = "UIButton+AFNetworking.h"; sourceTree = "<group>"; };
		75C2662718003A7C00FA3CF1 /* UIButton+AFNetworking.m */ = {isa = PBXFileReference; fileEncoding = 4; lastKnownFileType = sourcecode.c.objc; path = "UIButton+AFNetworking.m"; sourceTree = "<group>"; };
		75C2662818003A7C00FA3CF1 /* UIImageView+AFNetworking.h */ = {isa = PBXFileReference; fileEncoding = 4; lastKnownFileType = sourcecode.c.h; path = "UIImageView+AFNetworking.h"; sourceTree = "<group>"; };
		75C2662918003A7C00FA3CF1 /* UIImageView+AFNetworking.m */ = {isa = PBXFileReference; fileEncoding = 4; lastKnownFileType = sourcecode.c.objc; path = "UIImageView+AFNetworking.m"; sourceTree = "<group>"; };
		75C2662A18003A7C00FA3CF1 /* UIKit+AFNetworking.h */ = {isa = PBXFileReference; fileEncoding = 4; lastKnownFileType = sourcecode.c.h; path = "UIKit+AFNetworking.h"; sourceTree = "<group>"; };
		75C2662B18003A7C00FA3CF1 /* UIProgressView+AFNetworking.h */ = {isa = PBXFileReference; fileEncoding = 4; lastKnownFileType = sourcecode.c.h; path = "UIProgressView+AFNetworking.h"; sourceTree = "<group>"; };
		75C2662C18003A7C00FA3CF1 /* UIProgressView+AFNetworking.m */ = {isa = PBXFileReference; fileEncoding = 4; lastKnownFileType = sourcecode.c.objc; path = "UIProgressView+AFNetworking.m"; sourceTree = "<group>"; };
		75C2662D18003A7C00FA3CF1 /* UIWebView+AFNetworking.h */ = {isa = PBXFileReference; fileEncoding = 4; lastKnownFileType = sourcecode.c.h; path = "UIWebView+AFNetworking.h"; sourceTree = "<group>"; };
		75C2662E18003A7C00FA3CF1 /* UIWebView+AFNetworking.m */ = {isa = PBXFileReference; fileEncoding = 4; lastKnownFileType = sourcecode.c.objc; path = "UIWebView+AFNetworking.m"; sourceTree = "<group>"; };
		75C2663718003AFF00FA3CF1 /* AFHTTPRequestOperation.h */ = {isa = PBXFileReference; fileEncoding = 4; lastKnownFileType = sourcecode.c.h; path = AFHTTPRequestOperation.h; sourceTree = "<group>"; };
		75C2663818003AFF00FA3CF1 /* AFHTTPRequestOperation.m */ = {isa = PBXFileReference; fileEncoding = 4; lastKnownFileType = sourcecode.c.objc; path = AFHTTPRequestOperation.m; sourceTree = "<group>"; };
		75C2663918003AFF00FA3CF1 /* AFHTTPRequestOperationManager.h */ = {isa = PBXFileReference; fileEncoding = 4; lastKnownFileType = sourcecode.c.h; path = AFHTTPRequestOperationManager.h; sourceTree = "<group>"; };
		75C2663A18003AFF00FA3CF1 /* AFHTTPRequestOperationManager.m */ = {isa = PBXFileReference; fileEncoding = 4; lastKnownFileType = sourcecode.c.objc; path = AFHTTPRequestOperationManager.m; sourceTree = "<group>"; };
		75C2663B18003AFF00FA3CF1 /* AFHTTPSessionManager.h */ = {isa = PBXFileReference; fileEncoding = 4; lastKnownFileType = sourcecode.c.h; path = AFHTTPSessionManager.h; sourceTree = "<group>"; };
		75C2663C18003AFF00FA3CF1 /* AFHTTPSessionManager.m */ = {isa = PBXFileReference; fileEncoding = 4; lastKnownFileType = sourcecode.c.objc; path = AFHTTPSessionManager.m; sourceTree = "<group>"; };
		75C2663D18003AFF00FA3CF1 /* AFNetworking.h */ = {isa = PBXFileReference; fileEncoding = 4; lastKnownFileType = sourcecode.c.h; path = AFNetworking.h; sourceTree = "<group>"; };
		75C2663E18003AFF00FA3CF1 /* AFNetworkReachabilityManager.h */ = {isa = PBXFileReference; fileEncoding = 4; lastKnownFileType = sourcecode.c.h; path = AFNetworkReachabilityManager.h; sourceTree = "<group>"; };
		75C2663F18003AFF00FA3CF1 /* AFNetworkReachabilityManager.m */ = {isa = PBXFileReference; fileEncoding = 4; lastKnownFileType = sourcecode.c.objc; path = AFNetworkReachabilityManager.m; sourceTree = "<group>"; };
		75C2664018003AFF00FA3CF1 /* AFSecurityPolicy.h */ = {isa = PBXFileReference; fileEncoding = 4; lastKnownFileType = sourcecode.c.h; path = AFSecurityPolicy.h; sourceTree = "<group>"; };
		75C2664118003AFF00FA3CF1 /* AFSecurityPolicy.m */ = {isa = PBXFileReference; fileEncoding = 4; lastKnownFileType = sourcecode.c.objc; path = AFSecurityPolicy.m; sourceTree = "<group>"; };
		75C2664218003AFF00FA3CF1 /* AFURLConnectionOperation.h */ = {isa = PBXFileReference; fileEncoding = 4; lastKnownFileType = sourcecode.c.h; path = AFURLConnectionOperation.h; sourceTree = "<group>"; };
		75C2664318003AFF00FA3CF1 /* AFURLConnectionOperation.m */ = {isa = PBXFileReference; fileEncoding = 4; lastKnownFileType = sourcecode.c.objc; path = AFURLConnectionOperation.m; sourceTree = "<group>"; };
		75C2664418003AFF00FA3CF1 /* AFURLRequestSerialization.h */ = {isa = PBXFileReference; fileEncoding = 4; lastKnownFileType = sourcecode.c.h; path = AFURLRequestSerialization.h; sourceTree = "<group>"; };
		75C2664518003AFF00FA3CF1 /* AFURLRequestSerialization.m */ = {isa = PBXFileReference; fileEncoding = 4; lastKnownFileType = sourcecode.c.objc; path = AFURLRequestSerialization.m; sourceTree = "<group>"; };
		75C2664618003AFF00FA3CF1 /* AFURLResponseSerialization.h */ = {isa = PBXFileReference; fileEncoding = 4; lastKnownFileType = sourcecode.c.h; path = AFURLResponseSerialization.h; sourceTree = "<group>"; };
		75C2664718003AFF00FA3CF1 /* AFURLResponseSerialization.m */ = {isa = PBXFileReference; fileEncoding = 4; lastKnownFileType = sourcecode.c.objc; path = AFURLResponseSerialization.m; sourceTree = "<group>"; };
		75C2664818003AFF00FA3CF1 /* AFURLSessionManager.h */ = {isa = PBXFileReference; fileEncoding = 4; lastKnownFileType = sourcecode.c.h; path = AFURLSessionManager.h; sourceTree = "<group>"; };
		75C2664918003AFF00FA3CF1 /* AFURLSessionManager.m */ = {isa = PBXFileReference; fileEncoding = 4; lastKnownFileType = sourcecode.c.objc; path = AFURLSessionManager.m; sourceTree = "<group>"; };
		75C83163181840E700983178 /* QuestionDetailCell.h */ = {isa = PBXFileReference; fileEncoding = 4; lastKnownFileType = sourcecode.c.h; path = QuestionDetailCell.h; sourceTree = "<group>"; };
		75C83164181840E700983178 /* QuestionDetailCell.m */ = {isa = PBXFileReference; fileEncoding = 4; lastKnownFileType = sourcecode.c.objc; path = QuestionDetailCell.m; sourceTree = "<group>"; };
		75C83166181840EF00983178 /* AnswerDetailCell.h */ = {isa = PBXFileReference; fileEncoding = 4; lastKnownFileType = sourcecode.c.h; path = AnswerDetailCell.h; sourceTree = "<group>"; };
		75C83167181840EF00983178 /* AnswerDetailCell.m */ = {isa = PBXFileReference; fileEncoding = 4; lastKnownFileType = sourcecode.c.objc; path = AnswerDetailCell.m; sourceTree = "<group>"; };
		75D7B61D17F9157200178785 /* CategoryModel.h */ = {isa = PBXFileReference; fileEncoding = 4; lastKnownFileType = sourcecode.c.h; path = CategoryModel.h; sourceTree = "<group>"; };
		75D7B61E17F9157200178785 /* CategoryModel.m */ = {isa = PBXFileReference; fileEncoding = 4; lastKnownFileType = sourcecode.c.objc; path = CategoryModel.m; sourceTree = "<group>"; };
		75E0BC77180C3A97006C9360 /* SelectCategoryViewController.h */ = {isa = PBXFileReference; fileEncoding = 4; lastKnownFileType = sourcecode.c.h; path = SelectCategoryViewController.h; sourceTree = "<group>"; };
		75E0BC78180C3A97006C9360 /* SelectCategoryViewController.m */ = {isa = PBXFileReference; fileEncoding = 4; lastKnownFileType = sourcecode.c.objc; path = SelectCategoryViewController.m; sourceTree = "<group>"; };
		75E0BC7A180C3AA4006C9360 /* SelectSubcategoryViewController.h */ = {isa = PBXFileReference; fileEncoding = 4; lastKnownFileType = sourcecode.c.h; path = SelectSubcategoryViewController.h; sourceTree = "<group>"; };
		75E0BC7B180C3AA4006C9360 /* SelectSubcategoryViewController.m */ = {isa = PBXFileReference; fileEncoding = 4; lastKnownFileType = sourcecode.c.objc; path = SelectSubcategoryViewController.m; sourceTree = "<group>"; };
		75E0BC7D180C3B2D006C9360 /* CategoryCell.h */ = {isa = PBXFileReference; fileEncoding = 4; lastKnownFileType = sourcecode.c.h; path = CategoryCell.h; sourceTree = "<group>"; };
		75E0BC7E180C3B2D006C9360 /* CategoryCell.m */ = {isa = PBXFileReference; fileEncoding = 4; lastKnownFileType = sourcecode.c.objc; path = CategoryCell.m; sourceTree = "<group>"; };
		75E0BC80180C3B38006C9360 /* SubcategoryCell.h */ = {isa = PBXFileReference; fileEncoding = 4; lastKnownFileType = sourcecode.c.h; path = SubcategoryCell.h; sourceTree = "<group>"; };
		75E0BC81180C3B38006C9360 /* SubcategoryCell.m */ = {isa = PBXFileReference; fileEncoding = 4; lastKnownFileType = sourcecode.c.objc; path = SubcategoryCell.m; sourceTree = "<group>"; };
		75F951F417FBCD2700A80B1F /* UserInfo.h */ = {isa = PBXFileReference; fileEncoding = 4; lastKnownFileType = sourcecode.c.h; path = UserInfo.h; sourceTree = "<group>"; };
		75F951F517FBCD2700A80B1F /* UserInfo.m */ = {isa = PBXFileReference; fileEncoding = 4; lastKnownFileType = sourcecode.c.objc; path = UserInfo.m; sourceTree = "<group>"; };
		75FA2B2517F8876D00308977 /* QuestionCell.h */ = {isa = PBXFileReference; fileEncoding = 4; lastKnownFileType = sourcecode.c.h; path = QuestionCell.h; sourceTree = "<group>"; };
		75FA2B2617F8876D00308977 /* QuestionCell.m */ = {isa = PBXFileReference; fileEncoding = 4; lastKnownFileType = sourcecode.c.objc; path = QuestionCell.m; sourceTree = "<group>"; };
/* End PBXFileReference section */

/* Begin PBXFrameworksBuildPhase section */
		754A808817EA161F00C15113 /* Frameworks */ = {
			isa = PBXFrameworksBuildPhase;
			buildActionMask = 2147483647;
			files = (
				7505020717F890F400AE65CE /* SystemConfiguration.framework in Frameworks */,
				7542D1A217FB0775004458F3 /* GooglePlus.framework in Frameworks */,
				7505020317F890E900AE65CE /* Security.framework in Frameworks */,
				7591DDB01810D2D70059B896 /* StoreKit.framework in Frameworks */,
				7505020117F890E400AE65CE /* QuartzCore.framework in Frameworks */,
				750501FF17F890DB00AE65CE /* libz.1.1.3.dylib in Frameworks */,
				750501FD17F890D000AE65CE /* CoreLocation.framework in Frameworks */,
				750501FB17F890C500AE65CE /* CFNetwork.framework in Frameworks */,
				750501F917F890BE00AE65CE /* AudioToolbox.framework in Frameworks */,
				759D91E317F28FCE00C9F678 /* MobileCoreServices.framework in Frameworks */,
				754A809117EA161F00C15113 /* CoreGraphics.framework in Frameworks */,
				7542D1A017FB0764004458F3 /* GoogleOpenSource.framework in Frameworks */,
				759828FD17EA4D2F007E72B0 /* FacebookSDK.framework in Frameworks */,
				754A809317EA161F00C15113 /* UIKit.framework in Frameworks */,
				750501F717F8907000AE65CE /* Parse.framework in Frameworks */,
				754A808F17EA161F00C15113 /* Foundation.framework in Frameworks */,
			);
			runOnlyForDeploymentPostprocessing = 0;
		};
		754A80A917EA161F00C15113 /* Frameworks */ = {
			isa = PBXFrameworksBuildPhase;
			buildActionMask = 2147483647;
			files = (
				754A80AE17EA161F00C15113 /* XCTest.framework in Frameworks */,
				754A80B017EA161F00C15113 /* UIKit.framework in Frameworks */,
				754A80AF17EA161F00C15113 /* Foundation.framework in Frameworks */,
			);
			runOnlyForDeploymentPostprocessing = 0;
		};
/* End PBXFrameworksBuildPhase section */

/* Begin PBXGroup section */
		7530836117F4AC9F0016FBA9 /* SDWebImage */ = {
			isa = PBXGroup;
			children = (
				7530836217F4AC9F0016FBA9 /* MKAnnotationView+WebCache.h */,
				7530836317F4AC9F0016FBA9 /* MKAnnotationView+WebCache.m */,
				7530836417F4AC9F0016FBA9 /* NSData+GIF.h */,
				7530836517F4AC9F0016FBA9 /* NSData+GIF.m */,
				7530836617F4AC9F0016FBA9 /* SDImageCache.h */,
				7530836717F4AC9F0016FBA9 /* SDImageCache.m */,
				7530836817F4AC9F0016FBA9 /* SDWebImageCompat.h */,
				7530836917F4AC9F0016FBA9 /* SDWebImageCompat.m */,
				7530836A17F4AC9F0016FBA9 /* SDWebImageDecoder.h */,
				7530836B17F4AC9F0016FBA9 /* SDWebImageDecoder.m */,
				7530836C17F4AC9F0016FBA9 /* SDWebImageDownloader.h */,
				7530836D17F4AC9F0016FBA9 /* SDWebImageDownloader.m */,
				7530836E17F4AC9F0016FBA9 /* SDWebImageDownloaderOperation.h */,
				7530836F17F4AC9F0016FBA9 /* SDWebImageDownloaderOperation.m */,
				7530837017F4AC9F0016FBA9 /* SDWebImageManager.h */,
				7530837117F4AC9F0016FBA9 /* SDWebImageManager.m */,
				7530837217F4AC9F0016FBA9 /* SDWebImageOperation.h */,
				7530837317F4AC9F0016FBA9 /* SDWebImagePrefetcher.h */,
				7530837417F4AC9F0016FBA9 /* SDWebImagePrefetcher.m */,
				7530837517F4AC9F0016FBA9 /* UIButton+WebCache.h */,
				7530837617F4AC9F0016FBA9 /* UIButton+WebCache.m */,
				7530837717F4AC9F0016FBA9 /* UIImage+GIF.h */,
				7530837817F4AC9F0016FBA9 /* UIImage+GIF.m */,
				7530837917F4AC9F0016FBA9 /* UIImage+MultiFormat.h */,
				7530837A17F4AC9F0016FBA9 /* UIImage+MultiFormat.m */,
				7530837B17F4AC9F0016FBA9 /* UIImage+WebP.h */,
				7530837C17F4AC9F0016FBA9 /* UIImage+WebP.m */,
				7530837D17F4AC9F0016FBA9 /* UIImageView+WebCache.h */,
				7530837E17F4AC9F0016FBA9 /* UIImageView+WebCache.m */,
			);
			path = SDWebImage;
			sourceTree = "<group>";
		};
		754A808217EA161F00C15113 = {
			isa = PBXGroup;
			children = (
				754A809417EA161F00C15113 /* Snap2Ask */,
				754A80B317EA161F00C15113 /* Snap2AskTests */,
				754A808D17EA161F00C15113 /* Frameworks */,
				754A808C17EA161F00C15113 /* Products */,
			);
			sourceTree = "<group>";
		};
		754A808C17EA161F00C15113 /* Products */ = {
			isa = PBXGroup;
			children = (
				754A808B17EA161F00C15113 /* Snap2Ask.app */,
				754A80AC17EA161F00C15113 /* Snap2AskTests.xctest */,
			);
			name = Products;
			sourceTree = "<group>";
		};
		754A808D17EA161F00C15113 /* Frameworks */ = {
			isa = PBXGroup;
			children = (
				7591DDAF1810D2D70059B896 /* StoreKit.framework */,
				7542D1A517FB0814004458F3 /* GooglePlus.bundle */,
				7542D1A117FB0775004458F3 /* GooglePlus.framework */,
				7542D19F17FB0764004458F3 /* GoogleOpenSource.framework */,
				7505020617F890F400AE65CE /* SystemConfiguration.framework */,
				7505020217F890E900AE65CE /* Security.framework */,
				7505020017F890E400AE65CE /* QuartzCore.framework */,
				750501FE17F890DB00AE65CE /* libz.1.1.3.dylib */,
				750501FC17F890D000AE65CE /* CoreLocation.framework */,
				750501FA17F890C500AE65CE /* CFNetwork.framework */,
				750501F817F890BE00AE65CE /* AudioToolbox.framework */,
				750501F617F8907000AE65CE /* Parse.framework */,
				759D91E217F28FCE00C9F678 /* MobileCoreServices.framework */,
				759828FC17EA4D2F007E72B0 /* FacebookSDK.framework */,
				754A808E17EA161F00C15113 /* Foundation.framework */,
				754A809017EA161F00C15113 /* CoreGraphics.framework */,
				754A809217EA161F00C15113 /* UIKit.framework */,
				754A80AD17EA161F00C15113 /* XCTest.framework */,
			);
			name = Frameworks;
			sourceTree = "<group>";
		};
		754A809417EA161F00C15113 /* Snap2Ask */ = {
			isa = PBXGroup;
			children = (
				75A13249180080F800413142 /* MBProgressHUD */,
				75C2663618003AFF00FA3CF1 /* AFNetworking */,
				75C2661F18003A7C00FA3CF1 /* UIKit+AFNetworking */,
				7530836117F4AC9F0016FBA9 /* SDWebImage */,
				754A809517EA161F00C15113 /* Supporting Files */,
				754A809D17EA161F00C15113 /* AppDelegate.h */,
				754A809E17EA161F00C15113 /* AppDelegate.m */,
				754A80A017EA161F00C15113 /* Main.storyboard */,
				754A80A617EA161F00C15113 /* Images.xcassets */,
				759D91DE17F28D6000C9F678 /* Models */,
				7577B11117EA48E500F1F363 /* RegisterViewController.h */,
				7577B11217EA48E500F1F363 /* RegisterViewController.m */,
				7577B11417EA490000F1F363 /* MainViewController.h */,
				7577B11517EA490000F1F363 /* MainViewController.m */,
				759D2C8117F0F1D80034E40E /* Snap2AskClient.h */,
				759D2C8217F0F1D80034E40E /* Snap2AskClient.m */,
				75FA2B2517F8876D00308977 /* QuestionCell.h */,
				75FA2B2617F8876D00308977 /* QuestionCell.m */,
				7591501817F463CA00D01E46 /* AskQuestionViewController.h */,
				7591501917F463CA00D01E46 /* AskQuestionViewController.m */,
				751A2DA217F59A550015FC68 /* QuestionDetailsViewController.h */,
				751A2DA317F59A550015FC68 /* QuestionDetailsViewController.m */,
				75AED28617F70EC000B185AB /* SettingsViewController.h */,
				75AED28717F70EC000B185AB /* SettingsViewController.m */,
				75B5B3A017FA1B3600123C7A /* QuestionTableViewController.h */,
				75B5B3A117FA1B3600123C7A /* QuestionTableViewController.m */,
				75448BD417FAFC2100B153AD /* KeychainItemWrapper.h */,
				75448BD517FAFC2100B153AD /* KeychainItemWrapper.m */,
				75F951F417FBCD2700A80B1F /* UserInfo.h */,
				75F951F517FBCD2700A80B1F /* UserInfo.m */,
				75071BF4180A4C0B0065CB87 /* ImageDetailsViewController.h */,
				75071BF5180A4C0B0065CB87 /* ImageDetailsViewController.m */,
				75E0BC77180C3A97006C9360 /* SelectCategoryViewController.h */,
				75E0BC78180C3A97006C9360 /* SelectCategoryViewController.m */,
				75E0BC7A180C3AA4006C9360 /* SelectSubcategoryViewController.h */,
				75E0BC7B180C3AA4006C9360 /* SelectSubcategoryViewController.m */,
				75E0BC7D180C3B2D006C9360 /* CategoryCell.h */,
				75E0BC7E180C3B2D006C9360 /* CategoryCell.m */,
				75E0BC80180C3B38006C9360 /* SubcategoryCell.h */,
				75E0BC81180C3B38006C9360 /* SubcategoryCell.m */,
				75C83163181840E700983178 /* QuestionDetailCell.h */,
				75C83164181840E700983178 /* QuestionDetailCell.m */,
				75C83166181840EF00983178 /* AnswerDetailCell.h */,
				75C83167181840EF00983178 /* AnswerDetailCell.m */,
			);
			path = Snap2Ask;
			sourceTree = "<group>";
		};
		754A809517EA161F00C15113 /* Supporting Files */ = {
			isa = PBXGroup;
			children = (
				754A809617EA161F00C15113 /* Snap2Ask-Info.plist */,
				754A809717EA161F00C15113 /* InfoPlist.strings */,
				754A809A17EA161F00C15113 /* main.m */,
				754A809C17EA161F00C15113 /* Snap2Ask-Prefix.pch */,
			);
			name = "Supporting Files";
			sourceTree = "<group>";
		};
		754A80B317EA161F00C15113 /* Snap2AskTests */ = {
			isa = PBXGroup;
			children = (
				754A80B917EA161F00C15113 /* Snap2AskTests.m */,
				754A80B417EA161F00C15113 /* Supporting Files */,
			);
			path = Snap2AskTests;
			sourceTree = "<group>";
		};
		754A80B417EA161F00C15113 /* Supporting Files */ = {
			isa = PBXGroup;
			children = (
				754A80B517EA161F00C15113 /* Snap2AskTests-Info.plist */,
				754A80B617EA161F00C15113 /* InfoPlist.strings */,
			);
			name = "Supporting Files";
			sourceTree = "<group>";
		};
		759D91DE17F28D6000C9F678 /* Models */ = {
			isa = PBXGroup;
			children = (
				759D91DF17F28D8500C9F678 /* QuestionModel.h */,
				759D91E017F28D8500C9F678 /* QuestionModel.m */,
				751A2DA517F5CF020015FC68 /* AnswerModel.h */,
				751A2DA617F5CF020015FC68 /* AnswerModel.m */,
				751A2DA817F5CF090015FC68 /* UserModel.h */,
				751A2DA917F5CF090015FC68 /* UserModel.m */,
				75D7B61D17F9157200178785 /* CategoryModel.h */,
				75D7B61E17F9157200178785 /* CategoryModel.m */,
				7517724E17F993D000A7B4A2 /* SubcategoryModel.h */,
				7517724F17F993D000A7B4A2 /* SubcategoryModel.m */,
			);
			name = Models;
			sourceTree = "<group>";
		};
		75A13249180080F800413142 /* MBProgressHUD */ = {
			isa = PBXGroup;
			children = (
				75A1324A1800810900413142 /* MBProgressHUD.h */,
				75A1324B1800810900413142 /* MBProgressHUD.m */,
			);
			name = MBProgressHUD;
			sourceTree = "<group>";
		};
		75C2661F18003A7C00FA3CF1 /* UIKit+AFNetworking */ = {
			isa = PBXGroup;
			children = (
				75C2662018003A7C00FA3CF1 /* AFNetworkActivityIndicatorManager.h */,
				75C2662118003A7C00FA3CF1 /* AFNetworkActivityIndicatorManager.m */,
				75C2662218003A7C00FA3CF1 /* UIActivityIndicatorView+AFNetworking.h */,
				75C2662318003A7C00FA3CF1 /* UIActivityIndicatorView+AFNetworking.m */,
				75C2662418003A7C00FA3CF1 /* UIAlertView+AFNetworking.h */,
				75C2662518003A7C00FA3CF1 /* UIAlertView+AFNetworking.m */,
				75C2662618003A7C00FA3CF1 /* UIButton+AFNetworking.h */,
				75C2662718003A7C00FA3CF1 /* UIButton+AFNetworking.m */,
				75C2662818003A7C00FA3CF1 /* UIImageView+AFNetworking.h */,
				75C2662918003A7C00FA3CF1 /* UIImageView+AFNetworking.m */,
				75C2662A18003A7C00FA3CF1 /* UIKit+AFNetworking.h */,
				75C2662B18003A7C00FA3CF1 /* UIProgressView+AFNetworking.h */,
				75C2662C18003A7C00FA3CF1 /* UIProgressView+AFNetworking.m */,
				75C2662D18003A7C00FA3CF1 /* UIWebView+AFNetworking.h */,
				75C2662E18003A7C00FA3CF1 /* UIWebView+AFNetworking.m */,
			);
			path = "UIKit+AFNetworking";
			sourceTree = "<group>";
		};
		75C2663618003AFF00FA3CF1 /* AFNetworking */ = {
			isa = PBXGroup;
			children = (
				75C2663718003AFF00FA3CF1 /* AFHTTPRequestOperation.h */,
				75C2663818003AFF00FA3CF1 /* AFHTTPRequestOperation.m */,
				75C2663918003AFF00FA3CF1 /* AFHTTPRequestOperationManager.h */,
				75C2663A18003AFF00FA3CF1 /* AFHTTPRequestOperationManager.m */,
				75C2663B18003AFF00FA3CF1 /* AFHTTPSessionManager.h */,
				75C2663C18003AFF00FA3CF1 /* AFHTTPSessionManager.m */,
				75C2663D18003AFF00FA3CF1 /* AFNetworking.h */,
				75C2663E18003AFF00FA3CF1 /* AFNetworkReachabilityManager.h */,
				75C2663F18003AFF00FA3CF1 /* AFNetworkReachabilityManager.m */,
				75C2664018003AFF00FA3CF1 /* AFSecurityPolicy.h */,
				75C2664118003AFF00FA3CF1 /* AFSecurityPolicy.m */,
				75C2664218003AFF00FA3CF1 /* AFURLConnectionOperation.h */,
				75C2664318003AFF00FA3CF1 /* AFURLConnectionOperation.m */,
				75C2664418003AFF00FA3CF1 /* AFURLRequestSerialization.h */,
				75C2664518003AFF00FA3CF1 /* AFURLRequestSerialization.m */,
				75C2664618003AFF00FA3CF1 /* AFURLResponseSerialization.h */,
				75C2664718003AFF00FA3CF1 /* AFURLResponseSerialization.m */,
				75C2664818003AFF00FA3CF1 /* AFURLSessionManager.h */,
				75C2664918003AFF00FA3CF1 /* AFURLSessionManager.m */,
			);
			name = AFNetworking;
			path = AFNetworking2;
			sourceTree = "<group>";
		};
/* End PBXGroup section */

/* Begin PBXNativeTarget section */
		754A808A17EA161F00C15113 /* Snap2Ask */ = {
			isa = PBXNativeTarget;
			buildConfigurationList = 754A80BD17EA161F00C15113 /* Build configuration list for PBXNativeTarget "Snap2Ask" */;
			buildPhases = (
				754A808717EA161F00C15113 /* Sources */,
				754A808817EA161F00C15113 /* Frameworks */,
				754A808917EA161F00C15113 /* Resources */,
			);
			buildRules = (
			);
			dependencies = (
			);
			name = Snap2Ask;
			productName = Snap2Ask;
			productReference = 754A808B17EA161F00C15113 /* Snap2Ask.app */;
			productType = "com.apple.product-type.application";
		};
		754A80AB17EA161F00C15113 /* Snap2AskTests */ = {
			isa = PBXNativeTarget;
			buildConfigurationList = 754A80C017EA161F00C15113 /* Build configuration list for PBXNativeTarget "Snap2AskTests" */;
			buildPhases = (
				754A80A817EA161F00C15113 /* Sources */,
				754A80A917EA161F00C15113 /* Frameworks */,
				754A80AA17EA161F00C15113 /* Resources */,
			);
			buildRules = (
			);
			dependencies = (
				754A80B217EA161F00C15113 /* PBXTargetDependency */,
			);
			name = Snap2AskTests;
			productName = Snap2AskTests;
			productReference = 754A80AC17EA161F00C15113 /* Snap2AskTests.xctest */;
			productType = "com.apple.product-type.bundle.unit-test";
		};
/* End PBXNativeTarget section */

/* Begin PBXProject section */
		754A808317EA161F00C15113 /* Project object */ = {
			isa = PBXProject;
			attributes = {
				LastUpgradeCheck = 0500;
				ORGANIZATIONNAME = "Raz Friman";
				TargetAttributes = {
					754A808A17EA161F00C15113 = {
						DevelopmentTeam = LV2EQ49JTC;
						SystemCapabilities = {
							com.apple.InAppPurchase = {
								enabled = 1;
							};
						};
					};
					754A80AB17EA161F00C15113 = {
						TestTargetID = 754A808A17EA161F00C15113;
					};
				};
			};
			buildConfigurationList = 754A808617EA161F00C15113 /* Build configuration list for PBXProject "Snap2Ask" */;
			compatibilityVersion = "Xcode 3.2";
			developmentRegion = English;
			hasScannedForEncodings = 0;
			knownRegions = (
				en,
				Base,
			);
			mainGroup = 754A808217EA161F00C15113;
			productRefGroup = 754A808C17EA161F00C15113 /* Products */;
			projectDirPath = "";
			projectRoot = "";
			targets = (
				754A808A17EA161F00C15113 /* Snap2Ask */,
				754A80AB17EA161F00C15113 /* Snap2AskTests */,
			);
		};
/* End PBXProject section */

/* Begin PBXResourcesBuildPhase section */
		754A808917EA161F00C15113 /* Resources */ = {
			isa = PBXResourcesBuildPhase;
			buildActionMask = 2147483647;
			files = (
				754A80A717EA161F00C15113 /* Images.xcassets in Resources */,
				754A809917EA161F00C15113 /* InfoPlist.strings in Resources */,
				7542D1A617FB0814004458F3 /* GooglePlus.bundle in Resources */,
				754A80A217EA161F00C15113 /* Main.storyboard in Resources */,
			);
			runOnlyForDeploymentPostprocessing = 0;
		};
		754A80AA17EA161F00C15113 /* Resources */ = {
			isa = PBXResourcesBuildPhase;
			buildActionMask = 2147483647;
			files = (
				754A80B817EA161F00C15113 /* InfoPlist.strings in Resources */,
			);
			runOnlyForDeploymentPostprocessing = 0;
		};
/* End PBXResourcesBuildPhase section */

/* Begin PBXSourcesBuildPhase section */
		754A808717EA161F00C15113 /* Sources */ = {
			isa = PBXSourcesBuildPhase;
			buildActionMask = 2147483647;
			files = (
				75C2664F18003AFF00FA3CF1 /* AFURLConnectionOperation.m in Sources */,
				75C2664A18003AFF00FA3CF1 /* AFHTTPRequestOperation.m in Sources */,
				7530838617F4AC9F0016FBA9 /* SDWebImageManager.m in Sources */,
				7530838217F4AC9F0016FBA9 /* SDWebImageCompat.m in Sources */,
				75FA2B2717F8876D00308977 /* QuestionCell.m in Sources */,
				75C2663018003A7C00FA3CF1 /* UIActivityIndicatorView+AFNetworking.m in Sources */,
				75C83165181840E700983178 /* QuestionDetailCell.m in Sources */,
				75AED28817F70EC000B185AB /* SettingsViewController.m in Sources */,
				75D7B61F17F9157200178785 /* CategoryModel.m in Sources */,
				7530838717F4AC9F0016FBA9 /* SDWebImagePrefetcher.m in Sources */,
				75C2663318003A7C00FA3CF1 /* UIImageView+AFNetworking.m in Sources */,
				7530838C17F4AC9F0016FBA9 /* UIImageView+WebCache.m in Sources */,
				75C2664D18003AFF00FA3CF1 /* AFNetworkReachabilityManager.m in Sources */,
				75C2664E18003AFF00FA3CF1 /* AFSecurityPolicy.m in Sources */,
				75F951F617FBCD2700A80B1F /* UserInfo.m in Sources */,
				751A2DA717F5CF020015FC68 /* AnswerModel.m in Sources */,
				7530838117F4AC9F0016FBA9 /* SDImageCache.m in Sources */,
				75E0BC79180C3A97006C9360 /* SelectCategoryViewController.m in Sources */,
				754A809F17EA161F00C15113 /* AppDelegate.m in Sources */,
				7530838817F4AC9F0016FBA9 /* UIButton+WebCache.m in Sources */,
				7591501A17F463CB00D01E46 /* AskQuestionViewController.m in Sources */,
				75448BD617FAFC2100B153AD /* KeychainItemWrapper.m in Sources */,
				7530838B17F4AC9F0016FBA9 /* UIImage+WebP.m in Sources */,
				75C2663218003A7C00FA3CF1 /* UIButton+AFNetworking.m in Sources */,
				75C2665118003AFF00FA3CF1 /* AFURLResponseSerialization.m in Sources */,
				759D91E117F28D8500C9F678 /* QuestionModel.m in Sources */,
				75E0BC82180C3B38006C9360 /* SubcategoryCell.m in Sources */,
				754A809B17EA161F00C15113 /* main.m in Sources */,
				7530838917F4AC9F0016FBA9 /* UIImage+GIF.m in Sources */,
				75C2664B18003AFF00FA3CF1 /* AFHTTPRequestOperationManager.m in Sources */,
				75071BF6180A4C0C0065CB87 /* ImageDetailsViewController.m in Sources */,
				7577B11317EA48E500F1F363 /* RegisterViewController.m in Sources */,
				75C2665018003AFF00FA3CF1 /* AFURLRequestSerialization.m in Sources */,
				75E0BC7F180C3B2D006C9360 /* CategoryCell.m in Sources */,
				7530838017F4AC9F0016FBA9 /* NSData+GIF.m in Sources */,
				75C2662F18003A7C00FA3CF1 /* AFNetworkActivityIndicatorManager.m in Sources */,
				75A1324C1800810900413142 /* MBProgressHUD.m in Sources */,
				7530838A17F4AC9F0016FBA9 /* UIImage+MultiFormat.m in Sources */,
				7530838317F4AC9F0016FBA9 /* SDWebImageDecoder.m in Sources */,
				75B5B3A217FA1B3600123C7A /* QuestionTableViewController.m in Sources */,
				759D2C8317F0F1D80034E40E /* Snap2AskClient.m in Sources */,
				75C2663118003A7C00FA3CF1 /* UIAlertView+AFNetworking.m in Sources */,
				7530838517F4AC9F0016FBA9 /* SDWebImageDownloaderOperation.m in Sources */,
				75C2663418003A7C00FA3CF1 /* UIProgressView+AFNetworking.m in Sources */,
				7530837F17F4AC9F0016FBA9 /* MKAnnotationView+WebCache.m in Sources */,
				75C2665218003AFF00FA3CF1 /* AFURLSessionManager.m in Sources */,
				75C2664C18003AFF00FA3CF1 /* AFHTTPSessionManager.m in Sources */,
				75E0BC7C180C3AA4006C9360 /* SelectSubcategoryViewController.m in Sources */,
				75C83168181840EF00983178 /* AnswerDetailCell.m in Sources */,
				751A2DA417F59A550015FC68 /* QuestionDetailsViewController.m in Sources */,
				7517725017F993D000A7B4A2 /* SubcategoryModel.m in Sources */,
				75C2663518003A7C00FA3CF1 /* UIWebView+AFNetworking.m in Sources */,
				751A2DAA17F5CF090015FC68 /* UserModel.m in Sources */,
				7577B11617EA490000F1F363 /* MainViewController.m in Sources */,
				7530838417F4AC9F0016FBA9 /* SDWebImageDownloader.m in Sources */,
			);
			runOnlyForDeploymentPostprocessing = 0;
		};
		754A80A817EA161F00C15113 /* Sources */ = {
			isa = PBXSourcesBuildPhase;
			buildActionMask = 2147483647;
			files = (
				754A80BA17EA161F00C15113 /* Snap2AskTests.m in Sources */,
			);
			runOnlyForDeploymentPostprocessing = 0;
		};
/* End PBXSourcesBuildPhase section */

/* Begin PBXTargetDependency section */
		754A80B217EA161F00C15113 /* PBXTargetDependency */ = {
			isa = PBXTargetDependency;
			target = 754A808A17EA161F00C15113 /* Snap2Ask */;
			targetProxy = 754A80B117EA161F00C15113 /* PBXContainerItemProxy */;
		};
/* End PBXTargetDependency section */

/* Begin PBXVariantGroup section */
		754A809717EA161F00C15113 /* InfoPlist.strings */ = {
			isa = PBXVariantGroup;
			children = (
				754A809817EA161F00C15113 /* en */,
			);
			name = InfoPlist.strings;
			sourceTree = "<group>";
		};
		754A80A017EA161F00C15113 /* Main.storyboard */ = {
			isa = PBXVariantGroup;
			children = (
				754A80A117EA161F00C15113 /* Base */,
			);
			name = Main.storyboard;
			sourceTree = "<group>";
		};
		754A80B617EA161F00C15113 /* InfoPlist.strings */ = {
			isa = PBXVariantGroup;
			children = (
				754A80B717EA161F00C15113 /* en */,
			);
			name = InfoPlist.strings;
			sourceTree = "<group>";
		};
/* End PBXVariantGroup section */

/* Begin XCBuildConfiguration section */
		754A80BB17EA161F00C15113 /* Debug */ = {
			isa = XCBuildConfiguration;
			buildSettings = {
				ALWAYS_SEARCH_USER_PATHS = NO;
				CLANG_CXX_LANGUAGE_STANDARD = "gnu++0x";
				CLANG_CXX_LIBRARY = "libc++";
				CLANG_ENABLE_MODULES = YES;
				CLANG_ENABLE_OBJC_ARC = YES;
				CLANG_WARN_BOOL_CONVERSION = YES;
				CLANG_WARN_CONSTANT_CONVERSION = YES;
				CLANG_WARN_DIRECT_OBJC_ISA_USAGE = YES_ERROR;
				CLANG_WARN_EMPTY_BODY = YES;
				CLANG_WARN_ENUM_CONVERSION = YES;
				CLANG_WARN_INT_CONVERSION = YES;
				CLANG_WARN_OBJC_ROOT_CLASS = YES_ERROR;
				CLANG_WARN__DUPLICATE_METHOD_MATCH = YES;
				CODE_SIGN_IDENTITY = "Apple Development IOS Push Services: com.snap2ask";
				"CODE_SIGN_IDENTITY[sdk=iphoneos*]" = "Apple Development IOS Push Services: com.snap2ask";
				COPY_PHASE_STRIP = NO;
				GCC_C_LANGUAGE_STANDARD = gnu99;
				GCC_DYNAMIC_NO_PIC = NO;
				GCC_OPTIMIZATION_LEVEL = 0;
				GCC_PREPROCESSOR_DEFINITIONS = (
					"DEBUG=1",
					"$(inherited)",
				);
				GCC_SYMBOLS_PRIVATE_EXTERN = NO;
				GCC_WARN_ABOUT_RETURN_TYPE = YES_ERROR;
				GCC_WARN_UNDECLARED_SELECTOR = YES;
				GCC_WARN_UNINITIALIZED_AUTOS = YES;
				GCC_WARN_UNUSED_FUNCTION = YES;
				GCC_WARN_UNUSED_VARIABLE = YES;
				IPHONEOS_DEPLOYMENT_TARGET = 7.0;
				ONLY_ACTIVE_ARCH = YES;
				SDKROOT = iphoneos;
			};
			name = Debug;
		};
		754A80BC17EA161F00C15113 /* Release */ = {
			isa = XCBuildConfiguration;
			buildSettings = {
				ALWAYS_SEARCH_USER_PATHS = NO;
				CLANG_CXX_LANGUAGE_STANDARD = "gnu++0x";
				CLANG_CXX_LIBRARY = "libc++";
				CLANG_ENABLE_MODULES = YES;
				CLANG_ENABLE_OBJC_ARC = YES;
				CLANG_WARN_BOOL_CONVERSION = YES;
				CLANG_WARN_CONSTANT_CONVERSION = YES;
				CLANG_WARN_DIRECT_OBJC_ISA_USAGE = YES_ERROR;
				CLANG_WARN_EMPTY_BODY = YES;
				CLANG_WARN_ENUM_CONVERSION = YES;
				CLANG_WARN_INT_CONVERSION = YES;
				CLANG_WARN_OBJC_ROOT_CLASS = YES_ERROR;
				CLANG_WARN__DUPLICATE_METHOD_MATCH = YES;
				CODE_SIGN_IDENTITY = "Apple Development IOS Push Services: com.snap2ask";
				"CODE_SIGN_IDENTITY[sdk=iphoneos*]" = "Apple Development IOS Push Services: com.snap2ask";
				COPY_PHASE_STRIP = YES;
				ENABLE_NS_ASSERTIONS = NO;
				GCC_C_LANGUAGE_STANDARD = gnu99;
				GCC_WARN_ABOUT_RETURN_TYPE = YES_ERROR;
				GCC_WARN_UNDECLARED_SELECTOR = YES;
				GCC_WARN_UNINITIALIZED_AUTOS = YES;
				GCC_WARN_UNUSED_FUNCTION = YES;
				GCC_WARN_UNUSED_VARIABLE = YES;
				IPHONEOS_DEPLOYMENT_TARGET = 7.0;
				SDKROOT = iphoneos;
				VALIDATE_PRODUCT = YES;
			};
			name = Release;
		};
		754A80BE17EA161F00C15113 /* Debug */ = {
			isa = XCBuildConfiguration;
			buildSettings = {
				ASSETCATALOG_COMPILER_APPICON_NAME = AppIcon;
				ASSETCATALOG_COMPILER_LAUNCHIMAGE_NAME = LaunchImage;
				CODE_SIGN_IDENTITY = "iPhone Developer";
				"CODE_SIGN_IDENTITY[sdk=iphoneos*]" = "iPhone Developer";
				FRAMEWORK_SEARCH_PATHS = (
					"$(inherited)",
					"/Users/Raz/Documents/XCode\\ Projects/Snap2Ask",
				);
				GCC_PRECOMPILE_PREFIX_HEADER = YES;
				GCC_PREFIX_HEADER = "Snap2Ask/Snap2Ask-Prefix.pch";
				INFOPLIST_FILE = "Snap2Ask/Snap2Ask-Info.plist";
				OTHER_LDFLAGS = "-ObjC";
				PRODUCT_NAME = "$(TARGET_NAME)";
				PROVISIONING_PROFILE = "";
				WRAPPER_EXTENSION = app;
			};
			name = Debug;
		};
		754A80BF17EA161F00C15113 /* Release */ = {
			isa = XCBuildConfiguration;
			buildSettings = {
				ASSETCATALOG_COMPILER_APPICON_NAME = AppIcon;
				ASSETCATALOG_COMPILER_LAUNCHIMAGE_NAME = LaunchImage;
				CODE_SIGN_IDENTITY = "iPhone Developer";
				"CODE_SIGN_IDENTITY[sdk=iphoneos*]" = "iPhone Developer";
				FRAMEWORK_SEARCH_PATHS = (
					"$(inherited)",
					"/Users/Raz/Documents/XCode\\ Projects/Snap2Ask",
				);
				GCC_PRECOMPILE_PREFIX_HEADER = YES;
				GCC_PREFIX_HEADER = "Snap2Ask/Snap2Ask-Prefix.pch";
				INFOPLIST_FILE = "Snap2Ask/Snap2Ask-Info.plist";
				OTHER_LDFLAGS = "-ObjC";
				PRODUCT_NAME = "$(TARGET_NAME)";
				PROVISIONING_PROFILE = "";
				WRAPPER_EXTENSION = app;
			};
			name = Release;
		};
		754A80C117EA161F00C15113 /* Debug */ = {
			isa = XCBuildConfiguration;
			buildSettings = {
				BUNDLE_LOADER = "$(BUILT_PRODUCTS_DIR)/Snap2Ask.app/Snap2Ask";
				FRAMEWORK_SEARCH_PATHS = (
					"$(SDKROOT)/Developer/Library/Frameworks",
					"$(inherited)",
					"$(DEVELOPER_FRAMEWORKS_DIR)",
				);
				GCC_PRECOMPILE_PREFIX_HEADER = YES;
				GCC_PREFIX_HEADER = "Snap2Ask/Snap2Ask-Prefix.pch";
				GCC_PREPROCESSOR_DEFINITIONS = (
					"DEBUG=1",
					"$(inherited)",
				);
				INFOPLIST_FILE = "Snap2AskTests/Snap2AskTests-Info.plist";
				PRODUCT_NAME = "$(TARGET_NAME)";
				TEST_HOST = "$(BUNDLE_LOADER)";
				WRAPPER_EXTENSION = xctest;
			};
			name = Debug;
		};
		754A80C217EA161F00C15113 /* Release */ = {
			isa = XCBuildConfiguration;
			buildSettings = {
				BUNDLE_LOADER = "$(BUILT_PRODUCTS_DIR)/Snap2Ask.app/Snap2Ask";
				FRAMEWORK_SEARCH_PATHS = (
					"$(SDKROOT)/Developer/Library/Frameworks",
					"$(inherited)",
					"$(DEVELOPER_FRAMEWORKS_DIR)",
				);
				GCC_PRECOMPILE_PREFIX_HEADER = YES;
				GCC_PREFIX_HEADER = "Snap2Ask/Snap2Ask-Prefix.pch";
				INFOPLIST_FILE = "Snap2AskTests/Snap2AskTests-Info.plist";
				PRODUCT_NAME = "$(TARGET_NAME)";
				TEST_HOST = "$(BUNDLE_LOADER)";
				WRAPPER_EXTENSION = xctest;
			};
			name = Release;
		};
/* End XCBuildConfiguration section */

/* Begin XCConfigurationList section */
		754A808617EA161F00C15113 /* Build configuration list for PBXProject "Snap2Ask" */ = {
			isa = XCConfigurationList;
			buildConfigurations = (
				754A80BB17EA161F00C15113 /* Debug */,
				754A80BC17EA161F00C15113 /* Release */,
			);
			defaultConfigurationIsVisible = 0;
			defaultConfigurationName = Release;
		};
		754A80BD17EA161F00C15113 /* Build configuration list for PBXNativeTarget "Snap2Ask" */ = {
			isa = XCConfigurationList;
			buildConfigurations = (
				754A80BE17EA161F00C15113 /* Debug */,
				754A80BF17EA161F00C15113 /* Release */,
			);
			defaultConfigurationIsVisible = 0;
			defaultConfigurationName = Release;
		};
		754A80C017EA161F00C15113 /* Build configuration list for PBXNativeTarget "Snap2AskTests" */ = {
			isa = XCConfigurationList;
			buildConfigurations = (
				754A80C117EA161F00C15113 /* Debug */,
				754A80C217EA161F00C15113 /* Release */,
			);
			defaultConfigurationIsVisible = 0;
			defaultConfigurationName = Release;
		};
/* End XCConfigurationList section */
	};
	rootObject = 754A808317EA161F00C15113 /* Project object */;
}
